// !$*UTF8*$!
{
	archiveVersion = 1;
	classes = {
	};
	objectVersion = 46;
	objects = {

/* Begin PBXBuildFile section */
		4443D9C61DED4EDF00EE84E4 /* main.m in Sources */ = {isa = PBXBuildFile; fileRef = 4443D9C51DED4EDE00EE84E4 /* main.m */; };
		4443D9C91DED4EDF00EE84E4 /* AppDelegate.m in Sources */ = {isa = PBXBuildFile; fileRef = 4443D9C81DED4EDF00EE84E4 /* AppDelegate.m */; };
		4443D9CC1DED4EDF00EE84E4 /* ViewController.m in Sources */ = {isa = PBXBuildFile; fileRef = 4443D9CB1DED4EDF00EE84E4 /* ViewController.m */; };
		4443D9CF1DED4EDF00EE84E4 /* Main.storyboard in Resources */ = {isa = PBXBuildFile; fileRef = 4443D9CD1DED4EDF00EE84E4 /* Main.storyboard */; };
		4443D9D11DED4EDF00EE84E4 /* Assets.xcassets in Resources */ = {isa = PBXBuildFile; fileRef = 4443D9D01DED4EDF00EE84E4 /* Assets.xcassets */; };
		4443D9D41DED4EDF00EE84E4 /* LaunchScreen.storyboard in Resources */ = {isa = PBXBuildFile; fileRef = 4443D9D21DED4EDF00EE84E4 /* LaunchScreen.storyboard */; };
		4443D9DF1DED4EDF00EE84E4 /* UITableViewDemoTests.m in Sources */ = {isa = PBXBuildFile; fileRef = 4443D9DE1DED4EDF00EE84E4 /* UITableViewDemoTests.m */; };
		4443D9EA1DED4EDF00EE84E4 /* UITableViewDemoUITests.m in Sources */ = {isa = PBXBuildFile; fileRef = 4443D9E91DED4EDF00EE84E4 /* UITableViewDemoUITests.m */; };
/* End PBXBuildFile section */

/* Begin PBXContainerItemProxy section */
		4443D9DB1DED4EDF00EE84E4 /* PBXContainerItemProxy */ = {
			isa = PBXContainerItemProxy;
			containerPortal = 4443D9B91DED4EDE00EE84E4 /* Project object */;
			proxyType = 1;
			remoteGlobalIDString = 4443D9C01DED4EDE00EE84E4;
			remoteInfo = UITableViewDemo;
		};
		4443D9E61DED4EDF00EE84E4 /* PBXContainerItemProxy */ = {
			isa = PBXContainerItemProxy;
			containerPortal = 4443D9B91DED4EDE00EE84E4 /* Project object */;
			proxyType = 1;
			remoteGlobalIDString = 4443D9C01DED4EDE00EE84E4;
			remoteInfo = UITableViewDemo;
		};
/* End PBXContainerItemProxy section */

/* Begin PBXFileReference section */
		4443D9C11DED4EDE00EE84E4 /* UITableViewDemo.app */ = {isa = PBXFileReference; explicitFileType = wrapper.application; includeInIndex = 0; path = UITableViewDemo.app; sourceTree = BUILT_PRODUCTS_DIR; };
		4443D9C51DED4EDE00EE84E4 /* main.m */ = {isa = PBXFileReference; lastKnownFileType = sourcecode.c.objc; path = main.m; sourceTree = "<group>"; };
		4443D9C71DED4EDF00EE84E4 /* AppDelegate.h */ = {isa = PBXFileReference; lastKnownFileType = sourcecode.c.h; path = AppDelegate.h; sourceTree = "<group>"; };
		4443D9C81DED4EDF00EE84E4 /* AppDelegate.m */ = {isa = PBXFileReference; lastKnownFileType = sourcecode.c.objc; path = AppDelegate.m; sourceTree = "<group>"; };
		4443D9CA1DED4EDF00EE84E4 /* ViewController.h */ = {isa = PBXFileReference; lastKnownFileType = sourcecode.c.h; path = ViewController.h; sourceTree = "<group>"; };
		4443D9CB1DED4EDF00EE84E4 /* ViewController.m */ = {isa = PBXFileReference; lastKnownFileType = sourcecode.c.objc; path = ViewController.m; sourceTree = "<group>"; };
		4443D9CE1DED4EDF00EE84E4 /* Base */ = {isa = PBXFileReference; lastKnownFileType = file.storyboard; name = Base; path = Base.lproj/Main.storyboard; sourceTree = "<group>"; };
		4443D9D01DED4EDF00EE84E4 /* Assets.xcassets */ = {isa = PBXFileReference; lastKnownFileType = folder.assetcatalog; path = Assets.xcassets; sourceTree = "<group>"; };
		4443D9D31DED4EDF00EE84E4 /* Base */ = {isa = PBXFileReference; lastKnownFileType = file.storyboard; name = Base; path = Base.lproj/LaunchScreen.storyboard; sourceTree = "<group>"; };
		4443D9D51DED4EDF00EE84E4 /* Info.plist */ = {isa = PBXFileReference; lastKnownFileType = text.plist.xml; path = Info.plist; sourceTree = "<group>"; };
		4443D9DA1DED4EDF00EE84E4 /* UITableViewDemoTests.xctest */ = {isa = PBXFileReference; explicitFileType = wrapper.cfbundle; includeInIndex = 0; path = UITableViewDemoTests.xctest; sourceTree = BUILT_PRODUCTS_DIR; };
		4443D9DE1DED4EDF00EE84E4 /* UITableViewDemoTests.m */ = {isa = PBXFileReference; lastKnownFileType = sourcecode.c.objc; path = UITableViewDemoTests.m; sourceTree = "<group>"; };
		4443D9E01DED4EDF00EE84E4 /* Info.plist */ = {isa = PBXFileReference; lastKnownFileType = text.plist.xml; path = Info.plist; sourceTree = "<group>"; };
		4443D9E51DED4EDF00EE84E4 /* UITableViewDemoUITests.xctest */ = {isa = PBXFileReference; explicitFileType = wrapper.cfbundle; includeInIndex = 0; path = UITableViewDemoUITests.xctest; sourceTree = BUILT_PRODUCTS_DIR; };
		4443D9E91DED4EDF00EE84E4 /* UITableViewDemoUITests.m */ = {isa = PBXFileReference; lastKnownFileType = sourcecode.c.objc; path = UITableViewDemoUITests.m; sourceTree = "<group>"; };
		4443D9EB1DED4EDF00EE84E4 /* Info.plist */ = {isa = PBXFileReference; lastKnownFileType = text.plist.xml; path = Info.plist; sourceTree = "<group>"; };
/* End PBXFileReference section */

/* Begin PBXFrameworksBuildPhase section */
		4443D9BE1DED4EDE00EE84E4 /* Frameworks */ = {
			isa = PBXFrameworksBuildPhase;
			buildActionMask = 2147483647;
			files = (
			);
			runOnlyForDeploymentPostprocessing = 0;
		};
		4443D9D71DED4EDF00EE84E4 /* Frameworks */ = {
			isa = PBXFrameworksBuildPhase;
			buildActionMask = 2147483647;
			files = (
			);
			runOnlyForDeploymentPostprocessing = 0;
		};
		4443D9E21DED4EDF00EE84E4 /* Frameworks */ = {
			isa = PBXFrameworksBuildPhase;
			buildActionMask = 2147483647;
			files = (
			);
			runOnlyForDeploymentPostprocessing = 0;
		};
/* End PBXFrameworksBuildPhase section */

/* Begin PBXGroup section */
		4443D9B81DED4EDE00EE84E4 = {
			isa = PBXGroup;
			children = (
				4443D9C31DED4EDE00EE84E4 /* UITableViewDemo */,
				4443D9DD1DED4EDF00EE84E4 /* UITableViewDemoTests */,
				4443D9E81DED4EDF00EE84E4 /* UITableViewDemoUITests */,
				4443D9C21DED4EDE00EE84E4 /* Products */,
			);
			sourceTree = "<group>";
		};
		4443D9C21DED4EDE00EE84E4 /* Products */ = {
			isa = PBXGroup;
			children = (
				4443D9C11DED4EDE00EE84E4 /* UITableViewDemo.app */,
				4443D9DA1DED4EDF00EE84E4 /* UITableViewDemoTests.xctest */,
				4443D9E51DED4EDF00EE84E4 /* UITableViewDemoUITests.xctest */,
			);
			name = Products;
			sourceTree = "<group>";
		};
		4443D9C31DED4EDE00EE84E4 /* UITableViewDemo */ = {
			isa = PBXGroup;
			children = (
				4443D9C71DED4EDF00EE84E4 /* AppDelegate.h */,
				4443D9C81DED4EDF00EE84E4 /* AppDelegate.m */,
				4443D9CA1DED4EDF00EE84E4 /* ViewController.h */,
				4443D9CB1DED4EDF00EE84E4 /* ViewController.m */,
				4443D9CD1DED4EDF00EE84E4 /* Main.storyboard */,
				4443D9D01DED4EDF00EE84E4 /* Assets.xcassets */,
				4443D9D21DED4EDF00EE84E4 /* LaunchScreen.storyboard */,
				4443D9D51DED4EDF00EE84E4 /* Info.plist */,
				4443D9C41DED4EDE00EE84E4 /* Supporting Files */,
			);
			path = UITableViewDemo;
			sourceTree = "<group>";
		};
		4443D9C41DED4EDE00EE84E4 /* Supporting Files */ = {
			isa = PBXGroup;
			children = (
				4443D9C51DED4EDE00EE84E4 /* main.m */,
			);
			name = "Supporting Files";
			sourceTree = "<group>";
		};
		4443D9DD1DED4EDF00EE84E4 /* UITableViewDemoTests */ = {
			isa = PBXGroup;
			children = (
				4443D9DE1DED4EDF00EE84E4 /* UITableViewDemoTests.m */,
				4443D9E01DED4EDF00EE84E4 /* Info.plist */,
			);
			path = UITableViewDemoTests;
			sourceTree = "<group>";
		};
		4443D9E81DED4EDF00EE84E4 /* UITableViewDemoUITests */ = {
			isa = PBXGroup;
			children = (
				4443D9E91DED4EDF00EE84E4 /* UITableViewDemoUITests.m */,
				4443D9EB1DED4EDF00EE84E4 /* Info.plist */,
			);
			path = UITableViewDemoUITests;
			sourceTree = "<group>";
		};
/* End PBXGroup section */

/* Begin PBXNativeTarget section */
		4443D9C01DED4EDE00EE84E4 /* UITableViewDemo */ = {
			isa = PBXNativeTarget;
			buildConfigurationList = 4443D9EE1DED4EDF00EE84E4 /* Build configuration list for PBXNativeTarget "UITableViewDemo" */;
			buildPhases = (
				4443D9BD1DED4EDE00EE84E4 /* Sources */,
				4443D9BE1DED4EDE00EE84E4 /* Frameworks */,
				4443D9BF1DED4EDE00EE84E4 /* Resources */,
			);
			buildRules = (
			);
			dependencies = (
			);
			name = UITableViewDemo;
			productName = UITableViewDemo;
			productReference = 4443D9C11DED4EDE00EE84E4 /* UITableViewDemo.app */;
			productType = "com.apple.product-type.application";
		};
		4443D9D91DED4EDF00EE84E4 /* UITableViewDemoTests */ = {
			isa = PBXNativeTarget;
			buildConfigurationList = 4443D9F11DED4EDF00EE84E4 /* Build configuration list for PBXNativeTarget "UITableViewDemoTests" */;
			buildPhases = (
				4443D9D61DED4EDF00EE84E4 /* Sources */,
				4443D9D71DED4EDF00EE84E4 /* Frameworks */,
				4443D9D81DED4EDF00EE84E4 /* Resources */,
			);
			buildRules = (
			);
			dependencies = (
				4443D9DC1DED4EDF00EE84E4 /* PBXTargetDependency */,
			);
			name = UITableViewDemoTests;
			productName = UITableViewDemoTests;
			productReference = 4443D9DA1DED4EDF00EE84E4 /* UITableViewDemoTests.xctest */;
			productType = "com.apple.product-type.bundle.unit-test";
		};
		4443D9E41DED4EDF00EE84E4 /* UITableViewDemoUITests */ = {
			isa = PBXNativeTarget;
			buildConfigurationList = 4443D9F41DED4EDF00EE84E4 /* Build configuration list for PBXNativeTarget "UITableViewDemoUITests" */;
			buildPhases = (
				4443D9E11DED4EDF00EE84E4 /* Sources */,
				4443D9E21DED4EDF00EE84E4 /* Frameworks */,
				4443D9E31DED4EDF00EE84E4 /* Resources */,
			);
			buildRules = (
			);
			dependencies = (
				4443D9E71DED4EDF00EE84E4 /* PBXTargetDependency */,
			);
			name = UITableViewDemoUITests;
			productName = UITableViewDemoUITests;
			productReference = 4443D9E51DED4EDF00EE84E4 /* UITableViewDemoUITests.xctest */;
			productType = "com.apple.product-type.bundle.ui-testing";
		};
/* End PBXNativeTarget section */

/* Begin PBXProject section */
		4443D9B91DED4EDE00EE84E4 /* Project object */ = {
			isa = PBXProject;
			attributes = {
				LastUpgradeCheck = 0810;
				ORGANIZATIONNAME = spuxpu;
				TargetAttributes = {
					4443D9C01DED4EDE00EE84E4 = {
						CreatedOnToolsVersion = 8.1;
						DevelopmentTeam = CHT9QU32H9;
						ProvisioningStyle = Automatic;
					};
					4443D9D91DED4EDF00EE84E4 = {
						CreatedOnToolsVersion = 8.1;
						DevelopmentTeam = CHT9QU32H9;
						ProvisioningStyle = Automatic;
						TestTargetID = 4443D9C01DED4EDE00EE84E4;
					};
					4443D9E41DED4EDF00EE84E4 = {
						CreatedOnToolsVersion = 8.1;
						DevelopmentTeam = CHT9QU32H9;
						ProvisioningStyle = Automatic;
						TestTargetID = 4443D9C01DED4EDE00EE84E4;
					};
				};
			};
			buildConfigurationList = 4443D9BC1DED4EDE00EE84E4 /* Build configuration list for PBXProject "UITableViewDemo" */;
			compatibilityVersion = "Xcode 3.2";
			developmentRegion = English;
			hasScannedForEncodings = 0;
			knownRegions = (
				en,
				Base,
			);
			mainGroup = 4443D9B81DED4EDE00EE84E4;
			productRefGroup = 4443D9C21DED4EDE00EE84E4 /* Products */;
			projectDirPath = "";
			projectRoot = "";
			targets = (
				4443D9C01DED4EDE00EE84E4 /* UITableViewDemo */,
				4443D9D91DED4EDF00EE84E4 /* UITableViewDemoTests */,
				4443D9E41DED4EDF00EE84E4 /* UITableViewDemoUITests */,
			);
		};
/* End PBXProject section */

/* Begin PBXResourcesBuildPhase section */
		4443D9BF1DED4EDE00EE84E4 /* Resources */ = {
			isa = PBXResourcesBuildPhase;
			buildActionMask = 2147483647;
			files = (
				4443D9D41DED4EDF00EE84E4 /* LaunchScreen.storyboard in Resources */,
				4443D9D11DED4EDF00EE84E4 /* Assets.xcassets in Resources */,
				4443D9CF1DED4EDF00EE84E4 /* Main.storyboard in Resources */,
			);
			runOnlyForDeploymentPostprocessing = 0;
		};
		4443D9D81DED4EDF00EE84E4 /* Resources */ = {
			isa = PBXResourcesBuildPhase;
			buildActionMask = 2147483647;
			files = (
			);
			runOnlyForDeploymentPostprocessing = 0;
		};
		4443D9E31DED4EDF00EE84E4 /* Resources */ = {
			isa = PBXResourcesBuildPhase;
			buildActionMask = 2147483647;
			files = (
			);
			runOnlyForDeploymentPostprocessing = 0;
		};
/* End PBXResourcesBuildPhase section */

/* Begin PBXSourcesBuildPhase section */
		4443D9BD1DED4EDE00EE84E4 /* Sources */ = {
			isa = PBXSourcesBuildPhase;
			buildActionMask = 2147483647;
			files = (
				4443D9CC1DED4EDF00EE84E4 /* ViewController.m in Sources */,
				4443D9C91DED4EDF00EE84E4 /* AppDelegate.m in Sources */,
				4443D9C61DED4EDF00EE84E4 /* main.m in Sources */,
			);
			runOnlyForDeploymentPostprocessing = 0;
		};
		4443D9D61DED4EDF00EE84E4 /* Sources */ = {
			isa = PBXSourcesBuildPhase;
			buildActionMask = 2147483647;
			files = (
				4443D9DF1DED4EDF00EE84E4 /* UITableViewDemoTests.m in Sources */,
			);
			runOnlyForDeploymentPostprocessing = 0;
		};
		4443D9E11DED4EDF00EE84E4 /* Sources */ = {
			isa = PBXSourcesBuildPhase;
			buildActionMask = 2147483647;
			files = (
				4443D9EA1DED4EDF00EE84E4 /* UITableViewDemoUITests.m in Sources */,
			);
			runOnlyForDeploymentPostprocessing = 0;
		};
/* End PBXSourcesBuildPhase section */

/* Begin PBXTargetDependency section */
		4443D9DC1DED4EDF00EE84E4 /* PBXTargetDependency */ = {
			isa = PBXTargetDependency;
			target = 4443D9C01DED4EDE00EE84E4 /* UITableViewDemo */;
			targetProxy = 4443D9DB1DED4EDF00EE84E4 /* PBXContainerItemProxy */;
		};
		4443D9E71DED4EDF00EE84E4 /* PBXTargetDependency */ = {
			isa = PBXTargetDependency;
			target = 4443D9C01DED4EDE00EE84E4 /* UITableViewDemo */;
			targetProxy = 4443D9E61DED4EDF00EE84E4 /* PBXContainerItemProxy */;
		};
/* End PBXTargetDependency section */

/* Begin PBXVariantGroup section */
		4443D9CD1DED4EDF00EE84E4 /* Main.storyboard */ = {
			isa = PBXVariantGroup;
			children = (
				4443D9CE1DED4EDF00EE84E4 /* Base */,
			);
			name = Main.storyboard;
			sourceTree = "<group>";
		};
		4443D9D21DED4EDF00EE84E4 /* LaunchScreen.storyboard */ = {
			isa = PBXVariantGroup;
			children = (
				4443D9D31DED4EDF00EE84E4 /* Base */,
			);
			name = LaunchScreen.storyboard;
			sourceTree = "<group>";
		};
/* End PBXVariantGroup section */

/* Begin XCBuildConfiguration section */
		4443D9EC1DED4EDF00EE84E4 /* Debug */ = {
			isa = XCBuildConfiguration;
			buildSettings = {
				ALWAYS_SEARCH_USER_PATHS = NO;
				CLANG_ANALYZER_NONNULL = YES;
				CLANG_CXX_LANGUAGE_STANDARD = "gnu++0x";
				CLANG_CXX_LIBRARY = "libc++";
				CLANG_ENABLE_MODULES = YES;
				CLANG_ENABLE_OBJC_ARC = YES;
				CLANG_WARN_BOOL_CONVERSION = YES;
				CLANG_WARN_CONSTANT_CONVERSION = YES;
				CLANG_WARN_DIRECT_OBJC_ISA_USAGE = YES_ERROR;
				CLANG_WARN_DOCUMENTATION_COMMENTS = YES;
				CLANG_WARN_EMPTY_BODY = YES;
				CLANG_WARN_ENUM_CONVERSION = YES;
				CLANG_WARN_INFINITE_RECURSION = YES;
				CLANG_WARN_INT_CONVERSION = YES;
				CLANG_WARN_OBJC_ROOT_CLASS = YES_ERROR;
				CLANG_WARN_SUSPICIOUS_MOVES = YES;
				CLANG_WARN_UNREACHABLE_CODE = YES;
				CLANG_WARN__DUPLICATE_METHOD_MATCH = YES;
				"CODE_SIGN_IDENTITY[sdk=iphoneos*]" = "iPhone Developer";
				COPY_PHASE_STRIP = NO;
				DEBUG_INFORMATION_FORMAT = dwarf;
				ENABLE_STRICT_OBJC_MSGSEND = YES;
				ENABLE_TESTABILITY = YES;
				GCC_C_LANGUAGE_STANDARD = gnu99;
				GCC_DYNAMIC_NO_PIC = NO;
				GCC_NO_COMMON_BLOCKS = YES;
				GCC_OPTIMIZATION_LEVEL = 0;
				GCC_PREPROCESSOR_DEFINITIONS = (
					"DEBUG=1",
					"$(inherited)",
				);
				GCC_WARN_64_TO_32_BIT_CONVERSION = YES;
				GCC_WARN_ABOUT_RETURN_TYPE = YES_ERROR;
				GCC_WARN_UNDECLARED_SELECTOR = YES;
				GCC_WARN_UNINITIALIZED_AUTOS = YES_AGGRESSIVE;
				GCC_WARN_UNUSED_FUNCTION = YES;
				GCC_WARN_UNUSED_VARIABLE = YES;
				IPHONEOS_DEPLOYMENT_TARGET = 10.1;
				MTL_ENABLE_DEBUG_INFO = YES;
				ONLY_ACTIVE_ARCH = YES;
				SDKROOT = iphoneos;
			};
			name = Debug;
		};
		4443D9ED1DED4EDF00EE84E4 /* Release */ = {
			isa = XCBuildConfiguration;
			buildSettings = {
				ALWAYS_SEARCH_USER_PATHS = NO;
				CLANG_ANALYZER_NONNULL = YES;
				CLANG_CXX_LANGUAGE_STANDARD = "gnu++0x";
				CLANG_CXX_LIBRARY = "libc++";
				CLANG_ENABLE_MODULES = YES;
				CLANG_ENABLE_OBJC_ARC = YES;
				CLANG_WARN_BOOL_CONVERSION = YES;
				CLANG_WARN_CONSTANT_CONVERSION = YES;
				CLANG_WARN_DIRECT_OBJC_ISA_USAGE = YES_ERROR;
				CLANG_WARN_DOCUMENTATION_COMMENTS = YES;
				CLANG_WARN_EMPTY_BODY = YES;
				CLANG_WARN_ENUM_CONVERSION = YES;
				CLANG_WARN_INFINITE_RECURSION = YES;
				CLANG_WARN_INT_CONVERSION = YES;
				CLANG_WARN_OBJC_ROOT_CLASS = YES_ERROR;
				CLANG_WARN_SUSPICIOUS_MOVES = YES;
				CLANG_WARN_UNREACHABLE_CODE = YES;
				CLANG_WARN__DUPLICATE_METHOD_MATCH = YES;
				"CODE_SIGN_IDENTITY[sdk=iphoneos*]" = "iPhone Developer";
				COPY_PHASE_STRIP = NO;
				DEBUG_INFORMATION_FORMAT = "dwarf-with-dsym";
				ENABLE_NS_ASSERTIONS = NO;
				ENABLE_STRICT_OBJC_MSGSEND = YES;
				GCC_C_LANGUAGE_STANDARD = gnu99;
				GCC_NO_COMMON_BLOCKS = YES;
				GCC_WARN_64_TO_32_BIT_CONVERSION = YES;
				GCC_WARN_ABOUT_RETURN_TYPE = YES_ERROR;
				GCC_WARN_UNDECLARED_SELECTOR = YES;
				GCC_WARN_UNINITIALIZED_AUTOS = YES_AGGRESSIVE;
				GCC_WARN_UNUSED_FUNCTION = YES;
				GCC_WARN_UNUSED_VARIABLE = YES;
				IPHONEOS_DEPLOYMENT_TARGET = 10.1;
				MTL_ENABLE_DEBUG_INFO = NO;
				SDKROOT = iphoneos;
				VALIDATE_PRODUCT = YES;
			};
			name = Release;
		};
		4443D9EF1DED4EDF00EE84E4 /* Debug */ = {
			isa = XCBuildConfiguration;
			buildSettings = {
				ASSETCATALOG_COMPILER_APPICON_NAME = AppIcon;
				DEVELOPMENT_TEAM = CHT9QU32H9;
				INFOPLIST_FILE = UITableViewDemo/Info.plist;
				LD_RUNPATH_SEARCH_PATHS = "$(inherited) @executable_path/Frameworks";
				PRODUCT_BUNDLE_IDENTIFIER = com.spuxpu.UITableViewDemo;
				PRODUCT_NAME = "$(TARGET_NAME)";
			};
			name = Debug;
		};
		4443D9F01DED4EDF00EE84E4 /* Release */ = {
			isa = XCBuildConfiguration;
			buildSettings = {
				ASSETCATALOG_COMPILER_APPICON_NAME = AppIcon;
				DEVELOPMENT_TEAM = CHT9QU32H9;
				INFOPLIST_FILE = UITableViewDemo/Info.plist;
				LD_RUNPATH_SEARCH_PATHS = "$(inherited) @executable_path/Frameworks";
				PRODUCT_BUNDLE_IDENTIFIER = com.spuxpu.UITableViewDemo;
				PRODUCT_NAME = "$(TARGET_NAME)";
			};
			name = Release;
		};
		4443D9F21DED4EDF00EE84E4 /* Debug */ = {
			isa = XCBuildConfiguration;
			buildSettings = {
				BUNDLE_LOADER = "$(TEST_HOST)";
				DEVELOPMENT_TEAM = CHT9QU32H9;
				INFOPLIST_FILE = UITableViewDemoTests/Info.plist;
				LD_RUNPATH_SEARCH_PATHS = "$(inherited) @executable_path/Frameworks @loader_path/Frameworks";
				PRODUCT_BUNDLE_IDENTIFIER = com.spuxpu.UITableViewDemoTests;
				PRODUCT_NAME = "$(TARGET_NAME)";
				TEST_HOST = "$(BUILT_PRODUCTS_DIR)/UITableViewDemo.app/UITableViewDemo";
			};
			name = Debug;
		};
		4443D9F31DED4EDF00EE84E4 /* Release */ = {
			isa = XCBuildConfiguration;
			buildSettings = {
				BUNDLE_LOADER = "$(TEST_HOST)";
				DEVELOPMENT_TEAM = CHT9QU32H9;
				INFOPLIST_FILE = UITableViewDemoTests/Info.plist;
				LD_RUNPATH_SEARCH_PATHS = "$(inherited) @executable_path/Frameworks @loader_path/Frameworks";
				PRODUCT_BUNDLE_IDENTIFIER = com.spuxpu.UITableViewDemoTests;
				PRODUCT_NAME = "$(TARGET_NAME)";
				TEST_HOST = "$(BUILT_PRODUCTS_DIR)/UITableViewDemo.app/UITableViewDemo";
			};
			name = Release;
		};
		4443D9F51DED4EDF00EE84E4 /* Debug */ = {
			isa = XCBuildConfiguration;
			buildSettings = {
				DEVELOPMENT_TEAM = CHT9QU32H9;
				INFOPLIST_FILE = UITableViewDemoUITests/Info.plist;
				LD_RUNPATH_SEARCH_PATHS = "$(inherited) @executable_path/Frameworks @loader_path/Frameworks";
				PRODUCT_BUNDLE_IDENTIFIER = com.spuxpu.UITableViewDemoUITests;
				PRODUCT_NAME = "$(TARGET_NAME)";
				TEST_TARGET_NAME = UITableViewDemo;
			};
			name = Debug;
		};
		4443D9F61DED4EDF00EE84E4 /* Release */ = {
			isa = XCBuildConfiguration;
			buildSettings = {
				DEVELOPMENT_TEAM = CHT9QU32H9;
				INFOPLIST_FILE = UITableViewDemoUITests/Info.plist;
				LD_RUNPATH_SEARCH_PATHS = "$(inherited) @executable_path/Frameworks @loader_path/Frameworks";
				PRODUCT_BUNDLE_IDENTIFIER = com.spuxpu.UITableViewDemoUITests;
				PRODUCT_NAME = "$(TARGET_NAME)";
				TEST_TARGET_NAME = UITableViewDemo;
			};
			name = Release;
		};
/* End XCBuildConfiguration section */

/* Begin XCConfigurationList section */
		4443D9BC1DED4EDE00EE84E4 /* Build configuration list for PBXProject "UITableViewDemo" */ = {
			isa = XCConfigurationList;
			buildConfigurations = (
				4443D9EC1DED4EDF00EE84E4 /* Debug */,
				4443D9ED1DED4EDF00EE84E4 /* Release */,
			);
			defaultConfigurationIsVisible = 0;
			defaultConfigurationName = Release;
		};
		4443D9EE1DED4EDF00EE84E4 /* Build configuration list for PBXNativeTarget "UITableViewDemo" */ = {
			isa = XCConfigurationList;
			buildConfigurations = (
				4443D9EF1DED4EDF00EE84E4 /* Debug */,
				4443D9F01DED4EDF00EE84E4 /* Release */,
			);
			defaultConfigurationIsVisible = 0;
			defaultConfigurationName = Release;
		};
		4443D9F11DED4EDF00EE84E4 /* Build configuration list for PBXNativeTarget "UITableViewDemoTests" */ = {
			isa = XCConfigurationList;
			buildConfigurations = (
				4443D9F21DED4EDF00EE84E4 /* Debug */,
				4443D9F31DED4EDF00EE84E4 /* Release */,
			);
			defaultConfigurationIsVisible = 0;
			defaultConfigurationName = Release;
		};
		4443D9F41DED4EDF00EE84E4 /* Build configuration list for PBXNativeTarget "UITableViewDemoUITests" */ = {
			isa = XCConfigurationList;
			buildConfigurations = (
				4443D9F51DED4EDF00EE84E4 /* Debug */,
				4443D9F61DED4EDF00EE84E4 /* Release */,
			);
			defaultConfigurationIsVisible = 0;
			defaultConfigurationName = Release;
		};
/* End XCConfigurationList section */
	};
	rootObject = 4443D9B91DED4EDE00EE84E4 /* Project object */;
}
